
Microsoft Visual Studio Solution File, Format Version 12.00
# Visual Studio Version 16
VisualStudioVersion = 16.0.29609.76
MinimumVisualStudioVersion = 10.0.40219.1
Project("{FAE04EC0-301F-11D3-BF4B-00C04F79EFBC}") = "Xamarin.Essential.Email.iOS", "Xamarin.Essential.Email\Xamarin.Essential.Email.iOS\Xamarin.Essential.Email.iOS.csproj", "{122FCCFB-AFC6-406F-B857-452384019CB5}"
EndProject
Project("{FAE04EC0-301F-11D3-BF4B-00C04F79EFBC}") = "Xamarin.Essential.Email.Android", "Xamarin.Essential.Email\Xamarin.Essential.Email.Android\Xamarin.Essential.Email.Android.csproj", "{DFEDD7BD-E716-4A0A-A4FE-D2C32CD8AA31}"
EndProject
Project("{9A19103F-16F7-4668-BE54-9A1E7A4F7556}") = "Xamarin.Essential.Email", "Xamarin.Essential.Email\Xamarin.Essential.Email\Xamarin.Essential.Email.csproj", "{F630FF39-9AD6-4554-BE00-3039A158C6AD}"
EndProject
Global
	GlobalSection(SolutionConfigurationPlatforms) = preSolution
		Ad-Hoc|Any CPU = Ad-Hoc|Any CPU
		Ad-Hoc|iPhone = Ad-Hoc|iPhone
		Ad-Hoc|iPhoneSimulator = Ad-Hoc|iPhoneSimulator
		AppStore|Any CPU = AppStore|Any CPU
		AppStore|iPhone = AppStore|iPhone
		AppStore|iPhoneSimulator = AppStore|iPhoneSimulator
		Debug|Any CPU = Debug|Any CPU
		Debug|iPhone = Debug|iPhone
		Debug|iPhoneSimulator = Debug|iPhoneSimulator
		Release|Any CPU = Release|Any CPU
		Release|iPhone = Release|iPhone
		Release|iPhoneSimulator = Release|iPhoneSimulator
	EndGlobalSection
	GlobalSection(ProjectConfigurationPlatforms) = postSolution
		{122FCCFB-AFC6-406F-B857-452384019CB5}.Ad-Hoc|Any CPU.ActiveCfg = Ad-Hoc|iPhoneSimulator
		{122FCCFB-AFC6-406F-B857-452384019CB5}.Ad-Hoc|iPhone.ActiveCfg = Ad-Hoc|iPhone
		{122FCCFB-AFC6-406F-B857-452384019CB5}.Ad-Hoc|iPhone.Build.0 = Ad-Hoc|iPhone
		{122FCCFB-AFC6-406F-B857-452384019CB5}.Ad-Hoc|iPhoneSimulator.ActiveCfg = Ad-Hoc|iPhoneSimulator
		{122FCCFB-AFC6-406F-B857-452384019CB5}.Ad-Hoc|iPhoneSimulator.Build.0 = Ad-Hoc|iPhoneSimulator
		{122FCCFB-AFC6-406F-B857-452384019CB5}.AppStore|Any CPU.ActiveCfg = AppStore|iPhoneSimulator
		{122FCCFB-AFC6-406F-B857-452384019CB5}.AppStore|iPhone.ActiveCfg = AppStore|iPhone
		{122FCCFB-AFC6-406F-B857-452384019CB5}.AppStore|iPhone.Build.0 = AppStore|iPhone
		{122FCCFB-AFC6-406F-B857-452384019CB5}.AppStore|iPhoneSimulator.ActiveCfg = AppStore|iPhoneSimulator
		{122FCCFB-AFC6-406F-B857-452384019CB5}.AppStore|iPhoneSimulator.Build.0 = AppStore|iPhoneSimulator
		{122FCCFB-AFC6-406F-B857-452384019CB5}.Debug|Any CPU.ActiveCfg = Debug|iPhoneSimulator
		{122FCCFB-AFC6-406F-B857-452384019CB5}.Debug|iPhone.ActiveCfg = Debug|iPhone
		{122FCCFB-AFC6-406F-B857-452384019CB5}.Debug|iPhone.Build.0 = Debug|iPhone
		{122FCCFB-AFC6-406F-B857-452384019CB5}.Debug|iPhoneSimulator.ActiveCfg = Debug|iPhoneSimulator
		{122FCCFB-AFC6-406F-B857-452384019CB5}.Debug|iPhoneSimulator.Build.0 = Debug|iPhoneSimulator
		{122FCCFB-AFC6-406F-B857-452384019CB5}.Release|Any CPU.ActiveCfg = Release|iPhoneSimulator
		{122FCCFB-AFC6-406F-B857-452384019CB5}.Release|iPhone.ActiveCfg = Release|iPhone
		{122FCCFB-AFC6-406F-B857-452384019CB5}.Release|iPhone.Build.0 = Release|iPhone
		{122FCCFB-AFC6-406F-B857-452384019CB5}.Release|iPhoneSimulator.ActiveCfg = Release|iPhoneSimulator
		{122FCCFB-AFC6-406F-B857-452384019CB5}.Release|iPhoneSimulator.Build.0 = Release|iPhoneSimulator
		{DFEDD7BD-E716-4A0A-A4FE-D2C32CD8AA31}.Ad-Hoc|Any CPU.ActiveCfg = Debug|Any CPU
		{DFEDD7BD-E716-4A0A-A4FE-D2C32CD8AA31}.Ad-Hoc|Any CPU.Build.0 = Debug|Any CPU
		{DFEDD7BD-E716-4A0A-A4FE-D2C32CD8AA31}.Ad-Hoc|Any CPU.Deploy.0 = Debug|Any CPU
		{DFEDD7BD-E716-4A0A-A4FE-D2C32CD8AA31}.Ad-Hoc|iPhone.ActiveCfg = Debug|Any CPU
		{DFEDD7BD-E716-4A0A-A4FE-D2C32CD8AA31}.Ad-Hoc|iPhone.Build.0 = Debug|Any CPU
		{DFEDD7BD-E716-4A0A-A4FE-D2C32CD8AA31}.Ad-Hoc|iPhone.Deploy.0 = Debug|Any CPU
		{DFEDD7BD-E716-4A0A-A4FE-D2C32CD8AA31}.Ad-Hoc|iPhoneSimulator.ActiveCfg = Debug|Any CPU
		{DFEDD7BD-E716-4A0A-A4FE-D2C32CD8AA31}.Ad-Hoc|iPhoneSimulator.Build.0 = Debug|Any CPU
		{DFEDD7BD-E716-4A0A-A4FE-D2C32CD8AA31}.Ad-Hoc|iPhoneSimulator.Deploy.0 = Debug|Any CPU
		{DFEDD7BD-E716-4A0A-A4FE-D2C32CD8AA31}.AppStore|Any CPU.ActiveCfg = Debug|Any CPU
		{DFEDD7BD-E716-4A0A-A4FE-D2C32CD8AA31}.AppStore|Any CPU.Build.0 = Debug|Any CPU
		{DFEDD7BD-E716-4A0A-A4FE-D2C32CD8AA31}.AppStore|Any CPU.Deploy.0 = Debug|Any CPU
		{DFEDD7BD-E716-4A0A-A4FE-D2C32CD8AA31}.AppStore|iPhone.ActiveCfg = Debug|Any CPU
		{DFEDD7BD-E716-4A0A-A4FE-D2C32CD8AA31}.AppStore|iPhone.Build.0 = Debug|Any CPU
		{DFEDD7BD-E716-4A0A-A4FE-D2C32CD8AA31}.AppStore|iPhone.Deploy.0 = Debug|Any CPU
		{DFEDD7BD-E716-4A0A-A4FE-D2C32CD8AA31}.AppStore|iPhoneSimulator.ActiveCfg = Debug|Any CPU
		{DFEDD7BD-E716-4A0A-A4FE-D2C32CD8AA31}.AppStore|iPhoneSimulator.Build.0 = Debug|Any CPU
		{DFEDD7BD-E716-4A0A-A4FE-D2C32CD8AA31}.AppStore|iPhoneSimulator.Deploy.0 = Debug|Any CPU
		{DFEDD7BD-E716-4A0A-A4FE-D2C32CD8AA31}.Debug|Any CPU.ActiveCfg = Debug|Any CPU
		{DFEDD7BD-E716-4A0A-A4FE-D2C32CD8AA31}.Debug|Any CPU.Build.0 = Debug|Any CPU
		{DFEDD7BD-E716-4A0A-A4FE-D2C32CD8AA31}.Debug|Any CPU.Deploy.0 = Debug|Any CPU
		{DFEDD7BD-E716-4A0A-A4FE-D2C32CD8AA31}.Debug|iPhone.ActiveCfg = Debug|Any CPU
		{DFEDD7BD-E716-4A0A-A4FE-D2C32CD8AA31}.Debug|iPhone.Build.0 = Debug|Any CPU
		{DFEDD7BD-E716-4A0A-A4FE-D2C32CD8AA31}.Debug|iPhone.Deploy.0 = Debug|Any CPU
		{DFEDD7BD-E716-4A0A-A4FE-D2C32CD8AA31}.Debug|iPhoneSimulator.ActiveCfg = Debug|Any CPU
		{DFEDD7BD-E716-4A0A-A4FE-D2C32CD8AA31}.Debug|iPhoneSimulator.Build.0 = Debug|Any CPU
		{DFEDD7BD-E716-4A0A-A4FE-D2C32CD8AA31}.Debug|iPhoneSimulator.Deploy.0 = Debug|Any CPU
		{DFEDD7BD-E716-4A0A-A4FE-D2C32CD8AA31}.Release|Any CPU.ActiveCfg = Release|Any CPU
		{DFEDD7BD-E716-4A0A-A4FE-D2C32CD8AA31}.Release|Any CPU.Build.0 = Release|Any CPU
		{DFEDD7BD-E716-4A0A-A4FE-D2C32CD8AA31}.Release|Any CPU.Deploy.0 = Release|Any CPU
		{DFEDD7BD-E716-4A0A-A4FE-D2C32CD8AA31}.Release|iPhone.ActiveCfg = Release|Any CPU
		{DFEDD7BD-E716-4A0A-A4FE-D2C32CD8AA31}.Release|iPhone.Build.0 = Release|Any CPU
		{DFEDD7BD-E716-4A0A-A4FE-D2C32CD8AA31}.Release|iPhone.Deploy.0 = Release|Any CPU
		{DFEDD7BD-E716-4A0A-A4FE-D2C32CD8AA31}.Release|iPhoneSimulator.ActiveCfg = Release|Any CPU
		{DFEDD7BD-E716-4A0A-A4FE-D2C32CD8AA31}.Release|iPhoneSimulator.Build.0 = Release|Any CPU
		{DFEDD7BD-E716-4A0A-A4FE-D2C32CD8AA31}.Release|iPhoneSimulator.Deploy.0 = Release|Any CPU
		{F630FF39-9AD6-4554-BE00-3039A158C6AD}.Ad-Hoc|Any CPU.ActiveCfg = Debug|Any CPU
		{F630FF39-9AD6-4554-BE00-3039A158C6AD}.Ad-Hoc|Any CPU.Build.0 = Debug|Any CPU
		{F630FF39-9AD6-4554-BE00-3039A158C6AD}.Ad-Hoc|iPhone.ActiveCfg = Debug|Any CPU
		{F630FF39-9AD6-4554-BE00-3039A158C6AD}.Ad-Hoc|iPhone.Build.0 = Debug|Any CPU
		{F630FF39-9AD6-4554-BE00-3039A158C6AD}.Ad-Hoc|iPhoneSimulator.ActiveCfg = Debug|Any CPU
		{F630FF39-9AD6-4554-BE00-3039A158C6AD}.Ad-Hoc|iPhoneSimulator.Build.0 = Debug|Any CPU
		{F630FF39-9AD6-4554-BE00-3039A158C6AD}.AppStore|Any CPU.ActiveCfg = Debug|Any CPU
		{F630FF39-9AD6-4554-BE00-3039A158C6AD}.AppStore|Any CPU.Build.0 = Debug|Any CPU
		{F630FF39-9AD6-4554-BE00-3039A158C6AD}.AppStore|iPhone.ActiveCfg = Debug|Any CPU
		{F630FF39-9AD6-4554-BE00-3039A158C6AD}.AppStore|iPhone.Build.0 = Debug|Any CPU
		{F630FF39-9AD6-4554-BE00-3039A158C6AD}.AppStore|iPhoneSimulator.ActiveCfg = Debug|Any CPU
		{F630FF39-9AD6-4554-BE00-3039A158C6AD}.AppStore|iPhoneSimulator.Build.0 = Debug|Any CPU
		{F630FF39-9AD6-4554-BE00-3039A158C6AD}.Debug|Any CPU.ActiveCfg = Debug|Any CPU
		{F630FF39-9AD6-4554-BE00-3039A158C6AD}.Debug|Any CPU.Build.0 = Debug|Any CPU
		{F630FF39-9AD6-4554-BE00-3039A158C6AD}.Debug|iPhone.ActiveCfg = Debug|Any CPU
		{F630FF39-9AD6-4554-BE00-3039A158C6AD}.Debug|iPhone.Build.0 = Debug|Any CPU
		{F630FF39-9AD6-4554-BE00-3039A158C6AD}.Debug|iPhoneSimulator.ActiveCfg = Debug|Any CPU
		{F630FF39-9AD6-4554-BE00-3039A158C6AD}.Debug|iPhoneSimulator.Build.0 = Debug|Any CPU
		{F630FF39-9AD6-4554-BE00-3039A158C6AD}.Release|Any CPU.ActiveCfg = Release|Any CPU
		{F630FF39-9AD6-4554-BE00-3039A158C6AD}.Release|Any CPU.Build.0 = Release|Any CPU
		{F630FF39-9AD6-4554-BE00-3039A158C6AD}.Release|iPhone.ActiveCfg = Release|Any CPU
		{F630FF39-9AD6-4554-BE00-3039A158C6AD}.Release|iPhone.Build.0 = Release|Any CPU
		{F630FF39-9AD6-4554-BE00-3039A158C6AD}.Release|iPhoneSimulator.ActiveCfg = Release|Any CPU
		{F630FF39-9AD6-4554-BE00-3039A158C6AD}.Release|iPhoneSimulator.Build.0 = Release|Any CPU
	EndGlobalSection
	GlobalSection(SolutionProperties) = preSolution
		HideSolutionNode = FALSE
	EndGlobalSection
	GlobalSection(ExtensibilityGlobals) = postSolution
		SolutionGuid = {1AD513DE-ABC3-4950-8150-5E810C395EC6}
	EndGlobalSection
EndGlobal
